// !$*UTF8*$!
{
	archiveVersion = 1;
	classes = {
	};
	objectVersion = 56;
	objects = {

/* Begin PBXBuildFile section */
		5A12C57529A9993800626C55 /* ActorBootcamp.swift in Sources */ = {isa = PBXBuildFile; fileRef = 5A12C57429A9993800626C55 /* ActorBootcamp.swift */; };
		5A12C57729A9CED300626C55 /* Sendable.swift in Sources */ = {isa = PBXBuildFile; fileRef = 5A12C57629A9CED300626C55 /* Sendable.swift */; };
		5A12C57929A9DB4A00626C55 /* AsyncPublisherBootcamp.swift in Sources */ = {isa = PBXBuildFile; fileRef = 5A12C57829A9DB4A00626C55 /* AsyncPublisherBootcamp.swift */; };
		5A36042A29A3BC0B00F2AC52 /* SwiftConcurrencyApp.swift in Sources */ = {isa = PBXBuildFile; fileRef = 5A36042929A3BC0B00F2AC52 /* SwiftConcurrencyApp.swift */; };
		5A36042C29A3BC0B00F2AC52 /* ContentView.swift in Sources */ = {isa = PBXBuildFile; fileRef = 5A36042B29A3BC0B00F2AC52 /* ContentView.swift */; };
		5A36042E29A3BC0C00F2AC52 /* Assets.xcassets in Resources */ = {isa = PBXBuildFile; fileRef = 5A36042D29A3BC0C00F2AC52 /* Assets.xcassets */; };
		5A36043129A3BC0C00F2AC52 /* Preview Assets.xcassets in Resources */ = {isa = PBXBuildFile; fileRef = 5A36043029A3BC0C00F2AC52 /* Preview Assets.xcassets */; };
		5A36043829A3BC3B00F2AC52 /* DoTryCatch.swift in Sources */ = {isa = PBXBuildFile; fileRef = 5A36043729A3BC3B00F2AC52 /* DoTryCatch.swift */; };
		5A36043A29A3CA7000F2AC52 /* DownloadImageAsync.swift in Sources */ = {isa = PBXBuildFile; fileRef = 5A36043929A3CA7000F2AC52 /* DownloadImageAsync.swift */; };
		5A56969129A65333001F9454 /* TaskGroup.swift in Sources */ = {isa = PBXBuildFile; fileRef = 5A56969029A65333001F9454 /* TaskGroup.swift */; };
		5A56969329A66892001F9454 /* Continuation.swift in Sources */ = {isa = PBXBuildFile; fileRef = 5A56969229A66892001F9454 /* Continuation.swift */; };
/* End PBXBuildFile section */

/* Begin PBXFileReference section */
		5A12C57429A9993800626C55 /* ActorBootcamp.swift */ = {isa = PBXFileReference; lastKnownFileType = sourcecode.swift; path = ActorBootcamp.swift; sourceTree = "<group>"; };
		5A12C57629A9CED300626C55 /* Sendable.swift */ = {isa = PBXFileReference; lastKnownFileType = sourcecode.swift; path = Sendable.swift; sourceTree = "<group>"; };
		5A12C57829A9DB4A00626C55 /* AsyncPublisherBootcamp.swift */ = {isa = PBXFileReference; lastKnownFileType = sourcecode.swift; path = AsyncPublisherBootcamp.swift; sourceTree = "<group>"; };
		5A36042629A3BC0B00F2AC52 /* SwiftConcurrency.app */ = {isa = PBXFileReference; explicitFileType = wrapper.application; includeInIndex = 0; path = SwiftConcurrency.app; sourceTree = BUILT_PRODUCTS_DIR; };
		5A36042929A3BC0B00F2AC52 /* SwiftConcurrencyApp.swift */ = {isa = PBXFileReference; lastKnownFileType = sourcecode.swift; path = SwiftConcurrencyApp.swift; sourceTree = "<group>"; };
		5A36042B29A3BC0B00F2AC52 /* ContentView.swift */ = {isa = PBXFileReference; lastKnownFileType = sourcecode.swift; path = ContentView.swift; sourceTree = "<group>"; };
		5A36042D29A3BC0C00F2AC52 /* Assets.xcassets */ = {isa = PBXFileReference; lastKnownFileType = folder.assetcatalog; path = Assets.xcassets; sourceTree = "<group>"; };
		5A36043029A3BC0C00F2AC52 /* Preview Assets.xcassets */ = {isa = PBXFileReference; lastKnownFileType = folder.assetcatalog; path = "Preview Assets.xcassets"; sourceTree = "<group>"; };
		5A36043729A3BC3B00F2AC52 /* DoTryCatch.swift */ = {isa = PBXFileReference; lastKnownFileType = sourcecode.swift; path = DoTryCatch.swift; sourceTree = "<group>"; };
		5A36043929A3CA7000F2AC52 /* DownloadImageAsync.swift */ = {isa = PBXFileReference; lastKnownFileType = sourcecode.swift; path = DownloadImageAsync.swift; sourceTree = "<group>"; };
		5A56969029A65333001F9454 /* TaskGroup.swift */ = {isa = PBXFileReference; lastKnownFileType = sourcecode.swift; path = TaskGroup.swift; sourceTree = "<group>"; };
		5A56969229A66892001F9454 /* Continuation.swift */ = {isa = PBXFileReference; lastKnownFileType = sourcecode.swift; path = Continuation.swift; sourceTree = "<group>"; };
/* End PBXFileReference section */

/* Begin PBXFrameworksBuildPhase section */
		5A36042329A3BC0B00F2AC52 /* Frameworks */ = {
			isa = PBXFrameworksBuildPhase;
			buildActionMask = 2147483647;
			files = (
			);
			runOnlyForDeploymentPostprocessing = 0;
		};
/* End PBXFrameworksBuildPhase section */

/* Begin PBXGroup section */
		5A36041D29A3BC0B00F2AC52 = {
			isa = PBXGroup;
			children = (
				5A36042829A3BC0B00F2AC52 /* SwiftConcurrency */,
				5A36042729A3BC0B00F2AC52 /* Products */,
			);
			sourceTree = "<group>";
		};
		5A36042729A3BC0B00F2AC52 /* Products */ = {
			isa = PBXGroup;
			children = (
				5A36042629A3BC0B00F2AC52 /* SwiftConcurrency.app */,
			);
			name = Products;
			sourceTree = "<group>";
		};
		5A36042829A3BC0B00F2AC52 /* SwiftConcurrency */ = {
			isa = PBXGroup;
			children = (
				5A36042929A3BC0B00F2AC52 /* SwiftConcurrencyApp.swift */,
				5A36042B29A3BC0B00F2AC52 /* ContentView.swift */,
				5A36043729A3BC3B00F2AC52 /* DoTryCatch.swift */,
				5A36043929A3CA7000F2AC52 /* DownloadImageAsync.swift */,
				5A56969029A65333001F9454 /* TaskGroup.swift */,
				5A56969229A66892001F9454 /* Continuation.swift */,
				5A12C57429A9993800626C55 /* ActorBootcamp.swift */,
				5A12C57629A9CED300626C55 /* Sendable.swift */,
				5A12C57829A9DB4A00626C55 /* AsyncPublisherBootcamp.swift */,
				5A36042D29A3BC0C00F2AC52 /* Assets.xcassets */,
				5A36042F29A3BC0C00F2AC52 /* Preview Content */,
			);
			path = SwiftConcurrency;
			sourceTree = "<group>";
		};
		5A36042F29A3BC0C00F2AC52 /* Preview Content */ = {
			isa = PBXGroup;
			children = (
				5A36043029A3BC0C00F2AC52 /* Preview Assets.xcassets */,
			);
			path = "Preview Content";
			sourceTree = "<group>";
		};
/* End PBXGroup section */

/* Begin PBXNativeTarget section */
		5A36042529A3BC0B00F2AC52 /* SwiftConcurrency */ = {
			isa = PBXNativeTarget;
			buildConfigurationList = 5A36043429A3BC0C00F2AC52 /* Build configuration list for PBXNativeTarget "SwiftConcurrency" */;
			buildPhases = (
				5A36042229A3BC0B00F2AC52 /* Sources */,
				5A36042329A3BC0B00F2AC52 /* Frameworks */,
				5A36042429A3BC0B00F2AC52 /* Resources */,
			);
			buildRules = (
			);
			dependencies = (
			);
			name = SwiftConcurrency;
			productName = SwiftConcurrency;
			productReference = 5A36042629A3BC0B00F2AC52 /* SwiftConcurrency.app */;
			productType = "com.apple.product-type.application";
		};
/* End PBXNativeTarget section */

/* Begin PBXProject section */
		5A36041E29A3BC0B00F2AC52 /* Project object */ = {
			isa = PBXProject;
			attributes = {
				BuildIndependentTargetsInParallel = 1;
				LastSwiftUpdateCheck = 1410;
				LastUpgradeCheck = 1410;
				TargetAttributes = {
					5A36042529A3BC0B00F2AC52 = {
						CreatedOnToolsVersion = 14.1;
					};
				};
			};
			buildConfigurationList = 5A36042129A3BC0B00F2AC52 /* Build configuration list for PBXProject "SwiftConcurrency" */;
			compatibilityVersion = "Xcode 14.0";
			developmentRegion = en;
			hasScannedForEncodings = 0;
			knownRegions = (
				en,
				Base,
			);
			mainGroup = 5A36041D29A3BC0B00F2AC52;
			productRefGroup = 5A36042729A3BC0B00F2AC52 /* Products */;
			projectDirPath = "";
			projectRoot = "";
			targets = (
				5A36042529A3BC0B00F2AC52 /* SwiftConcurrency */,
			);
		};
/* End PBXProject section */

/* Begin PBXResourcesBuildPhase section */
		5A36042429A3BC0B00F2AC52 /* Resources */ = {
			isa = PBXResourcesBuildPhase;
			buildActionMask = 2147483647;
			files = (
				5A36043129A3BC0C00F2AC52 /* Preview Assets.xcassets in Resources */,
				5A36042E29A3BC0C00F2AC52 /* Assets.xcassets in Resources */,
			);
			runOnlyForDeploymentPostprocessing = 0;
		};
/* End PBXResourcesBuildPhase section */

/* Begin PBXSourcesBuildPhase section */
		5A36042229A3BC0B00F2AC52 /* Sources */ = {
			isa = PBXSourcesBuildPhase;
			buildActionMask = 2147483647;
			files = (
				5A56969329A66892001F9454 /* Continuation.swift in Sources */,
				5A36043A29A3CA7000F2AC52 /* DownloadImageAsync.swift in Sources */,
				5A36043829A3BC3B00F2AC52 /* DoTryCatch.swift in Sources */,
				5A12C57529A9993800626C55 /* ActorBootcamp.swift in Sources */,
				5A12C57929A9DB4A00626C55 /* AsyncPublisherBootcamp.swift in Sources */,
				5A36042C29A3BC0B00F2AC52 /* ContentView.swift in Sources */,
				5A36042A29A3BC0B00F2AC52 /* SwiftConcurrencyApp.swift in Sources */,
				5A56969129A65333001F9454 /* TaskGroup.swift in Sources */,
				5A12C57729A9CED300626C55 /* Sendable.swift in Sources */,
			);
			runOnlyForDeploymentPostprocessing = 0;
		};
/* End PBXSourcesBuildPhase section */

/* Begin XCBuildConfiguration section */
		5A36043229A3BC0C00F2AC52 /* Debug */ = {
			isa = XCBuildConfiguration;
			buildSettings = {
				ALWAYS_SEARCH_USER_PATHS = NO;
				CLANG_ANALYZER_NONNULL = YES;
				CLANG_ANALYZER_NUMBER_OBJECT_CONVERSION = YES_AGGRESSIVE;
				CLANG_CXX_LANGUAGE_STANDARD = "gnu++20";
				CLANG_ENABLE_MODULES = YES;
				CLANG_ENABLE_OBJC_ARC = YES;
				CLANG_ENABLE_OBJC_WEAK = YES;
				CLANG_WARN_BLOCK_CAPTURE_AUTORELEASING = YES;
				CLANG_WARN_BOOL_CONVERSION = YES;
				CLANG_WARN_COMMA = YES;
				CLANG_WARN_CONSTANT_CONVERSION = YES;
				CLANG_WARN_DEPRECATED_OBJC_IMPLEMENTATIONS = YES;
				CLANG_WARN_DIRECT_OBJC_ISA_USAGE = YES_ERROR;
				CLANG_WARN_DOCUMENTATION_COMMENTS = YES;
				CLANG_WARN_EMPTY_BODY = YES;
				CLANG_WARN_ENUM_CONVERSION = YES;
				CLANG_WARN_INFINITE_RECURSION = YES;
				CLANG_WARN_INT_CONVERSION = YES;
				CLANG_WARN_NON_LITERAL_NULL_CONVERSION = YES;
				CLANG_WARN_OBJC_IMPLICIT_RETAIN_SELF = YES;
				CLANG_WARN_OBJC_LITERAL_CONVERSION = YES;
				CLANG_WARN_OBJC_ROOT_CLASS = YES_ERROR;
				CLANG_WARN_QUOTED_INCLUDE_IN_FRAMEWORK_HEADER = YES;
				CLANG_WARN_RANGE_LOOP_ANALYSIS = YES;
				CLANG_WARN_STRICT_PROTOTYPES = YES;
				CLANG_WARN_SUSPICIOUS_MOVE = YES;
				CLANG_WARN_UNGUARDED_AVAILABILITY = YES_AGGRESSIVE;
				CLANG_WARN_UNREACHABLE_CODE = YES;
				CLANG_WARN__DUPLICATE_METHOD_MATCH = YES;
				COPY_PHASE_STRIP = NO;
				DEBUG_INFORMATION_FORMAT = dwarf;
				ENABLE_STRICT_OBJC_MSGSEND = YES;
				ENABLE_TESTABILITY = YES;
				GCC_C_LANGUAGE_STANDARD = gnu11;
				GCC_DYNAMIC_NO_PIC = NO;
				GCC_NO_COMMON_BLOCKS = YES;
				GCC_OPTIMIZATION_LEVEL = 0;
				GCC_PREPROCESSOR_DEFINITIONS = (
					"DEBUG=1",
					"$(inherited)",
				);
				GCC_WARN_64_TO_32_BIT_CONVERSION = YES;
				GCC_WARN_ABOUT_RETURN_TYPE = YES_ERROR;
				GCC_WARN_UNDECLARED_SELECTOR = YES;
				GCC_WARN_UNINITIALIZED_AUTOS = YES_AGGRESSIVE;
				GCC_WARN_UNUSED_FUNCTION = YES;
				GCC_WARN_UNUSED_VARIABLE = YES;
				IPHONEOS_DEPLOYMENT_TARGET = 16.1;
				MTL_ENABLE_DEBUG_INFO = INCLUDE_SOURCE;
				MTL_FAST_MATH = YES;
				ONLY_ACTIVE_ARCH = YES;
				SDKROOT = iphoneos;
				SWIFT_ACTIVE_COMPILATION_CONDITIONS = DEBUG;
				SWIFT_OPTIMIZATION_LEVEL = "-Onone";
			};
			name = Debug;
		};
		5A36043329A3BC0C00F2AC52 /* Release */ = {
			isa = XCBuildConfiguration;
			buildSettings = {
				ALWAYS_SEARCH_USER_PATHS = NO;
				CLANG_ANALYZER_NONNULL = YES;
				CLANG_ANALYZER_NUMBER_OBJECT_CONVERSION = YES_AGGRESSIVE;
				CLANG_CXX_LANGUAGE_STANDARD = "gnu++20";
				CLANG_ENABLE_MODULES = YES;
				CLANG_ENABLE_OBJC_ARC = YES;
				CLANG_ENABLE_OBJC_WEAK = YES;
				CLANG_WARN_BLOCK_CAPTURE_AUTORELEASING = YES;
				CLANG_WARN_BOOL_CONVERSION = YES;
				CLANG_WARN_COMMA = YES;
				CLANG_WARN_CONSTANT_CONVERSION = YES;
				CLANG_WARN_DEPRECATED_OBJC_IMPLEMENTATIONS = YES;
				CLANG_WARN_DIRECT_OBJC_ISA_USAGE = YES_ERROR;
				CLANG_WARN_DOCUMENTATION_COMMENTS = YES;
				CLANG_WARN_EMPTY_BODY = YES;
				CLANG_WARN_ENUM_CONVERSION = YES;
				CLANG_WARN_INFINITE_RECURSION = YES;
				CLANG_WARN_INT_CONVERSION = YES;
				CLANG_WARN_NON_LITERAL_NULL_CONVERSION = YES;
				CLANG_WARN_OBJC_IMPLICIT_RETAIN_SELF = YES;
				CLANG_WARN_OBJC_LITERAL_CONVERSION = YES;
				CLANG_WARN_OBJC_ROOT_CLASS = YES_ERROR;
				CLANG_WARN_QUOTED_INCLUDE_IN_FRAMEWORK_HEADER = YES;
				CLANG_WARN_RANGE_LOOP_ANALYSIS = YES;
				CLANG_WARN_STRICT_PROTOTYPES = YES;
				CLANG_WARN_SUSPICIOUS_MOVE = YES;
				CLANG_WARN_UNGUARDED_AVAILABILITY = YES_AGGRESSIVE;
				CLANG_WARN_UNREACHABLE_CODE = YES;
				CLANG_WARN__DUPLICATE_METHOD_MATCH = YES;
				COPY_PHASE_STRIP = NO;
				DEBUG_INFORMATION_FORMAT = "dwarf-with-dsym";
				ENABLE_NS_ASSERTIONS = NO;
				ENABLE_STRICT_OBJC_MSGSEND = YES;
				GCC_C_LANGUAGE_STANDARD = gnu11;
				GCC_NO_COMMON_BLOCKS = YES;
				GCC_WARN_64_TO_32_BIT_CONVERSION = YES;
				GCC_WARN_ABOUT_RETURN_TYPE = YES_ERROR;
				GCC_WARN_UNDECLARED_SELECTOR = YES;
				GCC_WARN_UNINITIALIZED_AUTOS = YES_AGGRESSIVE;
				GCC_WARN_UNUSED_FUNCTION = YES;
				GCC_WARN_UNUSED_VARIABLE = YES;
				IPHONEOS_DEPLOYMENT_TARGET = 16.1;
				MTL_ENABLE_DEBUG_INFO = NO;
				MTL_FAST_MATH = YES;
				SDKROOT = iphoneos;
				SWIFT_COMPILATION_MODE = wholemodule;
				SWIFT_OPTIMIZATION_LEVEL = "-O";
				VALIDATE_PRODUCT = YES;
			};
			name = Release;
		};
		5A36043529A3BC0C00F2AC52 /* Debug */ = {
			isa = XCBuildConfiguration;
			buildSettings = {
				ASSETCATALOG_COMPILER_APPICON_NAME = AppIcon;
				ASSETCATALOG_COMPILER_GLOBAL_ACCENT_COLOR_NAME = AccentColor;
				CODE_SIGN_STYLE = Automatic;
				CURRENT_PROJECT_VERSION = 1;
				DEVELOPMENT_ASSET_PATHS = "\"SwiftConcurrency/Preview Content\"";
				DEVELOPMENT_TEAM = NM9YBSUGNH;
				ENABLE_PREVIEWS = YES;
				GENERATE_INFOPLIST_FILE = YES;
				INFOPLIST_KEY_UIApplicationSceneManifest_Generation = YES;
				INFOPLIST_KEY_UIApplicationSupportsIndirectInputEvents = YES;
				INFOPLIST_KEY_UILaunchScreen_Generation = YES;
				INFOPLIST_KEY_UISupportedInterfaceOrientations_iPad = "UIInterfaceOrientationPortrait UIInterfaceOrientationPortraitUpsideDown UIInterfaceOrientationLandscapeLeft UIInterfaceOrientationLandscapeRight";
				INFOPLIST_KEY_UISupportedInterfaceOrientations_iPhone = "UIInterfaceOrientationPortrait UIInterfaceOrientationLandscapeLeft UIInterfaceOrientationLandscapeRight";
				LD_RUNPATH_SEARCH_PATHS = (
					"$(inherited)",
					"@executable_path/Frameworks",
				);
				MARKETING_VERSION = 1.0;
				PRODUCT_BUNDLE_IDENTIFIER = swiftConcurrency.vinhht.SwiftConcurrency;
				PRODUCT_NAME = "$(TARGET_NAME)";
				SWIFT_EMIT_LOC_STRINGS = YES;
				SWIFT_VERSION = 5.0;
				TARGETED_DEVICE_FAMILY = "1,2";
			};
			name = Debug;
		};
		5A36043629A3BC0C00F2AC52 /* Release */ = {
			isa = XCBuildConfiguration;
			buildSettings = {
				ASSETCATALOG_COMPILER_APPICON_NAME = AppIcon;
				ASSETCATALOG_COMPILER_GLOBAL_ACCENT_COLOR_NAME = AccentColor;
				CODE_SIGN_STYLE = Automatic;
				CURRENT_PROJECT_VERSION = 1;
				DEVELOPMENT_ASSET_PATHS = "\"SwiftConcurrency/Preview Content\"";
				DEVELOPMENT_TEAM = NM9YBSUGNH;
				ENABLE_PREVIEWS = YES;
				GENERATE_INFOPLIST_FILE = YES;
				INFOPLIST_KEY_UIApplicationSceneManifest_Generation = YES;
				INFOPLIST_KEY_UIApplicationSupportsIndirectInputEvents = YES;
				INFOPLIST_KEY_UILaunchScreen_Generation = YES;
				INFOPLIST_KEY_UISupportedInterfaceOrientations_iPad = "UIInterfaceOrientationPortrait UIInterfaceOrientationPortraitUpsideDown UIInterfaceOrientationLandscapeLeft UIInterfaceOrientationLandscapeRight";
				INFOPLIST_KEY_UISupportedInterfaceOrientations_iPhone = "UIInterfaceOrientationPortrait UIInterfaceOrientationLandscapeLeft UIInterfaceOrientationLandscapeRight";
				LD_RUNPATH_SEARCH_PATHS = (
					"$(inherited)",
					"@executable_path/Frameworks",
				);
				MARKETING_VERSION = 1.0;
				PRODUCT_BUNDLE_IDENTIFIER = swiftConcurrency.vinhht.SwiftConcurrency;
				PRODUCT_NAME = "$(TARGET_NAME)";
				SWIFT_EMIT_LOC_STRINGS = YES;
				SWIFT_VERSION = 5.0;
				TARGETED_DEVICE_FAMILY = "1,2";
			};
			name = Release;
		};
/* End XCBuildConfiguration section */

/* Begin XCConfigurationList section */
		5A36042129A3BC0B00F2AC52 /* Build configuration list for PBXProject "SwiftConcurrency" */ = {
			isa = XCConfigurationList;
			buildConfigurations = (
				5A36043229A3BC0C00F2AC52 /* Debug */,
				5A36043329A3BC0C00F2AC52 /* Release */,
			);
			defaultConfigurationIsVisible = 0;
			defaultConfigurationName = Release;
		};
		5A36043429A3BC0C00F2AC52 /* Build configuration list for PBXNativeTarget "SwiftConcurrency" */ = {
			isa = XCConfigurationList;
			buildConfigurations = (
				5A36043529A3BC0C00F2AC52 /* Debug */,
				5A36043629A3BC0C00F2AC52 /* Release */,
			);
			defaultConfigurationIsVisible = 0;
			defaultConfigurationName = Release;
		};
/* End XCConfigurationList section */
	};
	rootObject = 5A36041E29A3BC0B00F2AC52 /* Project object */;
}
